// !$*UTF8*$!
{
	archiveVersion = 1;
	classes = {
	};
	objectVersion = 50;
	objects = {

/* Begin PBXBuildFile section */
		E701A99422B5E124006CDFDA /* ArticleModel.xcdatamodeld in Sources */ = {isa = PBXBuildFile; fileRef = E701A99222B5E124006CDFDA /* ArticleModel.xcdatamodeld */; };
		E70F977F22B4CFC500F02CEB /* AppDelegate.swift in Sources */ = {isa = PBXBuildFile; fileRef = E70F977E22B4CFC500F02CEB /* AppDelegate.swift */; };
		E70F978422B4CFC500F02CEB /* Main.storyboard in Resources */ = {isa = PBXBuildFile; fileRef = E70F978222B4CFC500F02CEB /* Main.storyboard */; };
		E70F978622B4CFC700F02CEB /* Assets.xcassets in Resources */ = {isa = PBXBuildFile; fileRef = E70F978522B4CFC700F02CEB /* Assets.xcassets */; };
		E70F978922B4CFC700F02CEB /* LaunchScreen.storyboard in Resources */ = {isa = PBXBuildFile; fileRef = E70F978722B4CFC700F02CEB /* LaunchScreen.storyboard */; };
		E70F979422B4CFC700F02CEB /* NewsAppTests.swift in Sources */ = {isa = PBXBuildFile; fileRef = E70F979322B4CFC700F02CEB /* NewsAppTests.swift */; };
		E70F979F22B4CFC700F02CEB /* NewsAppUITests.swift in Sources */ = {isa = PBXBuildFile; fileRef = E70F979E22B4CFC700F02CEB /* NewsAppUITests.swift */; };
		E70F97AD22B4D1D300F02CEB /* NewsListTableViewController.swift in Sources */ = {isa = PBXBuildFile; fileRef = E70F97AC22B4D1D300F02CEB /* NewsListTableViewController.swift */; };
		E70F97AF22B4DE8500F02CEB /* NewsCell.swift in Sources */ = {isa = PBXBuildFile; fileRef = E70F97AE22B4DE8500F02CEB /* NewsCell.swift */; };
		E73D3A3922B5341F000E845D /* ContentViewController.swift in Sources */ = {isa = PBXBuildFile; fileRef = E73D3A3822B5341F000E845D /* ContentViewController.swift */; };
/* End PBXBuildFile section */

/* Begin PBXContainerItemProxy section */
		E70F979022B4CFC700F02CEB /* PBXContainerItemProxy */ = {
			isa = PBXContainerItemProxy;
			containerPortal = E70F977322B4CFC500F02CEB /* Project object */;
			proxyType = 1;
			remoteGlobalIDString = E70F977A22B4CFC500F02CEB;
			remoteInfo = NewsApp;
		};
		E70F979B22B4CFC700F02CEB /* PBXContainerItemProxy */ = {
			isa = PBXContainerItemProxy;
			containerPortal = E70F977322B4CFC500F02CEB /* Project object */;
			proxyType = 1;
			remoteGlobalIDString = E70F977A22B4CFC500F02CEB;
			remoteInfo = NewsApp;
		};
/* End PBXContainerItemProxy section */

/* Begin PBXFileReference section */
		E701A99322B5E124006CDFDA /* ArticleModel.xcdatamodel */ = {isa = PBXFileReference; lastKnownFileType = wrapper.xcdatamodel; path = ArticleModel.xcdatamodel; sourceTree = "<group>"; };
		E70F977B22B4CFC500F02CEB /* NewsApp.app */ = {isa = PBXFileReference; explicitFileType = wrapper.application; includeInIndex = 0; path = NewsApp.app; sourceTree = BUILT_PRODUCTS_DIR; };
		E70F977E22B4CFC500F02CEB /* AppDelegate.swift */ = {isa = PBXFileReference; lastKnownFileType = sourcecode.swift; path = AppDelegate.swift; sourceTree = "<group>"; };
		E70F978322B4CFC500F02CEB /* Base */ = {isa = PBXFileReference; lastKnownFileType = file.storyboard; name = Base; path = Base.lproj/Main.storyboard; sourceTree = "<group>"; };
		E70F978522B4CFC700F02CEB /* Assets.xcassets */ = {isa = PBXFileReference; lastKnownFileType = folder.assetcatalog; path = Assets.xcassets; sourceTree = "<group>"; };
		E70F978822B4CFC700F02CEB /* Base */ = {isa = PBXFileReference; lastKnownFileType = file.storyboard; name = Base; path = Base.lproj/LaunchScreen.storyboard; sourceTree = "<group>"; };
		E70F978A22B4CFC700F02CEB /* Info.plist */ = {isa = PBXFileReference; lastKnownFileType = text.plist.xml; path = Info.plist; sourceTree = "<group>"; };
		E70F978F22B4CFC700F02CEB /* NewsAppTests.xctest */ = {isa = PBXFileReference; explicitFileType = wrapper.cfbundle; includeInIndex = 0; path = NewsAppTests.xctest; sourceTree = BUILT_PRODUCTS_DIR; };
		E70F979322B4CFC700F02CEB /* NewsAppTests.swift */ = {isa = PBXFileReference; lastKnownFileType = sourcecode.swift; path = NewsAppTests.swift; sourceTree = "<group>"; };
		E70F979522B4CFC700F02CEB /* Info.plist */ = {isa = PBXFileReference; lastKnownFileType = text.plist.xml; path = Info.plist; sourceTree = "<group>"; };
		E70F979A22B4CFC700F02CEB /* NewsAppUITests.xctest */ = {isa = PBXFileReference; explicitFileType = wrapper.cfbundle; includeInIndex = 0; path = NewsAppUITests.xctest; sourceTree = BUILT_PRODUCTS_DIR; };
		E70F979E22B4CFC700F02CEB /* NewsAppUITests.swift */ = {isa = PBXFileReference; lastKnownFileType = sourcecode.swift; path = NewsAppUITests.swift; sourceTree = "<group>"; };
		E70F97A022B4CFC700F02CEB /* Info.plist */ = {isa = PBXFileReference; lastKnownFileType = text.plist.xml; path = Info.plist; sourceTree = "<group>"; };
		E70F97AC22B4D1D300F02CEB /* NewsListTableViewController.swift */ = {isa = PBXFileReference; lastKnownFileType = sourcecode.swift; path = NewsListTableViewController.swift; sourceTree = "<group>"; };
		E70F97AE22B4DE8500F02CEB /* NewsCell.swift */ = {isa = PBXFileReference; lastKnownFileType = sourcecode.swift; path = NewsCell.swift; sourceTree = "<group>"; };
		E73D3A3822B5341F000E845D /* ContentViewController.swift */ = {isa = PBXFileReference; lastKnownFileType = sourcecode.swift; path = ContentViewController.swift; sourceTree = "<group>"; };
/* End PBXFileReference section */

/* Begin PBXFrameworksBuildPhase section */
		E70F977822B4CFC500F02CEB /* Frameworks */ = {
			isa = PBXFrameworksBuildPhase;
			buildActionMask = 2147483647;
			files = (
			);
			runOnlyForDeploymentPostprocessing = 0;
		};
		E70F978C22B4CFC700F02CEB /* Frameworks */ = {
			isa = PBXFrameworksBuildPhase;
			buildActionMask = 2147483647;
			files = (
			);
			runOnlyForDeploymentPostprocessing = 0;
		};
		E70F979722B4CFC700F02CEB /* Frameworks */ = {
			isa = PBXFrameworksBuildPhase;
			buildActionMask = 2147483647;
			files = (
			);
			runOnlyForDeploymentPostprocessing = 0;
		};
/* End PBXFrameworksBuildPhase section */

/* Begin PBXGroup section */
		E701A99922B5E6D8006CDFDA /* Data */ = {
			isa = PBXGroup;
			children = (
			);
			path = Data;
			sourceTree = "<group>";
		};
		E70F977222B4CFC500F02CEB = {
			isa = PBXGroup;
			children = (
				E70F977D22B4CFC500F02CEB /* NewsApp */,
				E70F979222B4CFC700F02CEB /* NewsAppTests */,
				E70F979D22B4CFC700F02CEB /* NewsAppUITests */,
				E70F977C22B4CFC500F02CEB /* Products */,
			);
			sourceTree = "<group>";
		};
		E70F977C22B4CFC500F02CEB /* Products */ = {
			isa = PBXGroup;
			children = (
				E70F977B22B4CFC500F02CEB /* NewsApp.app */,
				E70F978F22B4CFC700F02CEB /* NewsAppTests.xctest */,
				E70F979A22B4CFC700F02CEB /* NewsAppUITests.xctest */,
			);
			name = Products;
			sourceTree = "<group>";
		};
		E70F977D22B4CFC500F02CEB /* NewsApp */ = {
			isa = PBXGroup;
			children = (
				E701A99922B5E6D8006CDFDA /* Data */,
				E70F977E22B4CFC500F02CEB /* AppDelegate.swift */,
				E70F978222B4CFC500F02CEB /* Main.storyboard */,
				E70F978522B4CFC700F02CEB /* Assets.xcassets */,
				E70F978722B4CFC700F02CEB /* LaunchScreen.storyboard */,
				E70F978A22B4CFC700F02CEB /* Info.plist */,
				E70F97AC22B4D1D300F02CEB /* NewsListTableViewController.swift */,
				E70F97AE22B4DE8500F02CEB /* NewsCell.swift */,
				E73D3A3822B5341F000E845D /* ContentViewController.swift */,
				E701A99222B5E124006CDFDA /* ArticleModel.xcdatamodeld */,
			);
			path = NewsApp;
			sourceTree = "<group>";
		};
		E70F979222B4CFC700F02CEB /* NewsAppTests */ = {
			isa = PBXGroup;
			children = (
				E70F979322B4CFC700F02CEB /* NewsAppTests.swift */,
				E70F979522B4CFC700F02CEB /* Info.plist */,
			);
			path = NewsAppTests;
			sourceTree = "<group>";
		};
		E70F979D22B4CFC700F02CEB /* NewsAppUITests */ = {
			isa = PBXGroup;
			children = (
				E70F979E22B4CFC700F02CEB /* NewsAppUITests.swift */,
				E70F97A022B4CFC700F02CEB /* Info.plist */,
			);
			path = NewsAppUITests;
			sourceTree = "<group>";
		};
/* End PBXGroup section */

/* Begin PBXNativeTarget section */
		E70F977A22B4CFC500F02CEB /* NewsApp */ = {
			isa = PBXNativeTarget;
			buildConfigurationList = E70F97A322B4CFC700F02CEB /* Build configuration list for PBXNativeTarget "NewsApp" */;
			buildPhases = (
				E70F977722B4CFC500F02CEB /* Sources */,
				E70F977822B4CFC500F02CEB /* Frameworks */,
				E70F977922B4CFC500F02CEB /* Resources */,
			);
			buildRules = (
			);
			dependencies = (
			);
			name = NewsApp;
			productName = NewsApp;
			productReference = E70F977B22B4CFC500F02CEB /* NewsApp.app */;
			productType = "com.apple.product-type.application";
		};
		E70F978E22B4CFC700F02CEB /* NewsAppTests */ = {
			isa = PBXNativeTarget;
			buildConfigurationList = E70F97A622B4CFC700F02CEB /* Build configuration list for PBXNativeTarget "NewsAppTests" */;
			buildPhases = (
				E70F978B22B4CFC700F02CEB /* Sources */,
				E70F978C22B4CFC700F02CEB /* Frameworks */,
				E70F978D22B4CFC700F02CEB /* Resources */,
			);
			buildRules = (
			);
			dependencies = (
				E70F979122B4CFC700F02CEB /* PBXTargetDependency */,
			);
			name = NewsAppTests;
			productName = NewsAppTests;
			productReference = E70F978F22B4CFC700F02CEB /* NewsAppTests.xctest */;
			productType = "com.apple.product-type.bundle.unit-test";
		};
		E70F979922B4CFC700F02CEB /* NewsAppUITests */ = {
			isa = PBXNativeTarget;
			buildConfigurationList = E70F97A922B4CFC700F02CEB /* Build configuration list for PBXNativeTarget "NewsAppUITests" */;
			buildPhases = (
				E70F979622B4CFC700F02CEB /* Sources */,
				E70F979722B4CFC700F02CEB /* Frameworks */,
				E70F979822B4CFC700F02CEB /* Resources */,
			);
			buildRules = (
			);
			dependencies = (
				E70F979C22B4CFC700F02CEB /* PBXTargetDependency */,
			);
			name = NewsAppUITests;
			productName = NewsAppUITests;
			productReference = E70F979A22B4CFC700F02CEB /* NewsAppUITests.xctest */;
			productType = "com.apple.product-type.bundle.ui-testing";
		};
/* End PBXNativeTarget section */

/* Begin PBXProject section */
		E70F977322B4CFC500F02CEB /* Project object */ = {
			isa = PBXProject;
			attributes = {
				LastSwiftUpdateCheck = 1010;
				LastUpgradeCheck = 1010;
				ORGANIZATIONNAME = "Wei Liang Tan";
				TargetAttributes = {
					E70F977A22B4CFC500F02CEB = {
						CreatedOnToolsVersion = 10.1;
					};
					E70F978E22B4CFC700F02CEB = {
						CreatedOnToolsVersion = 10.1;
						TestTargetID = E70F977A22B4CFC500F02CEB;
					};
					E70F979922B4CFC700F02CEB = {
						CreatedOnToolsVersion = 10.1;
						TestTargetID = E70F977A22B4CFC500F02CEB;
					};
				};
			};
			buildConfigurationList = E70F977622B4CFC500F02CEB /* Build configuration list for PBXProject "NewsApp" */;
			compatibilityVersion = "Xcode 9.3";
			developmentRegion = en;
			hasScannedForEncodings = 0;
			knownRegions = (
				en,
				Base,
			);
			mainGroup = E70F977222B4CFC500F02CEB;
			productRefGroup = E70F977C22B4CFC500F02CEB /* Products */;
			projectDirPath = "";
			projectRoot = "";
			targets = (
				E70F977A22B4CFC500F02CEB /* NewsApp */,
				E70F978E22B4CFC700F02CEB /* NewsAppTests */,
				E70F979922B4CFC700F02CEB /* NewsAppUITests */,
			);
		};
/* End PBXProject section */

/* Begin PBXResourcesBuildPhase section */
		E70F977922B4CFC500F02CEB /* Resources */ = {
			isa = PBXResourcesBuildPhase;
			buildActionMask = 2147483647;
			files = (
				E70F978922B4CFC700F02CEB /* LaunchScreen.storyboard in Resources */,
				E70F978622B4CFC700F02CEB /* Assets.xcassets in Resources */,
				E70F978422B4CFC500F02CEB /* Main.storyboard in Resources */,
			);
			runOnlyForDeploymentPostprocessing = 0;
		};
		E70F978D22B4CFC700F02CEB /* Resources */ = {
			isa = PBXResourcesBuildPhase;
			buildActionMask = 2147483647;
			files = (
			);
			runOnlyForDeploymentPostprocessing = 0;
		};
		E70F979822B4CFC700F02CEB /* Resources */ = {
			isa = PBXResourcesBuildPhase;
			buildActionMask = 2147483647;
			files = (
			);
			runOnlyForDeploymentPostprocessing = 0;
		};
/* End PBXResourcesBuildPhase section */

/* Begin PBXSourcesBuildPhase section */
		E70F977722B4CFC500F02CEB /* Sources */ = {
			isa = PBXSourcesBuildPhase;
			buildActionMask = 2147483647;
			files = (
				E73D3A3922B5341F000E845D /* ContentViewController.swift in Sources */,
				E701A99422B5E124006CDFDA /* ArticleModel.xcdatamodeld in Sources */,
				E70F97AD22B4D1D300F02CEB /* NewsListTableViewController.swift in Sources */,
				E70F97AF22B4DE8500F02CEB /* NewsCell.swift in Sources */,
				E70F977F22B4CFC500F02CEB /* AppDelegate.swift in Sources */,
			);
			runOnlyForDeploymentPostprocessing = 0;
		};
		E70F978B22B4CFC700F02CEB /* Sources */ = {
			isa = PBXSourcesBuildPhase;
			buildActionMask = 2147483647;
			files = (
				E70F979422B4CFC700F02CEB /* NewsAppTests.swift in Sources */,
			);
			runOnlyForDeploymentPostprocessing = 0;
		};
		E70F979622B4CFC700F02CEB /* Sources */ = {
			isa = PBXSourcesBuildPhase;
			buildActionMask = 2147483647;
			files = (
				E70F979F22B4CFC700F02CEB /* NewsAppUITests.swift in Sources */,
			);
			runOnlyForDeploymentPostprocessing = 0;
		};
/* End PBXSourcesBuildPhase section */

/* Begin PBXTargetDependency section */
		E70F979122B4CFC700F02CEB /* PBXTargetDependency */ = {
			isa = PBXTargetDependency;
			target = E70F977A22B4CFC500F02CEB /* NewsApp */;
			targetProxy = E70F979022B4CFC700F02CEB /* PBXContainerItemProxy */;
		};
		E70F979C22B4CFC700F02CEB /* PBXTargetDependency */ = {
			isa = PBXTargetDependency;
			target = E70F977A22B4CFC500F02CEB /* NewsApp */;
			targetProxy = E70F979B22B4CFC700F02CEB /* PBXContainerItemProxy */;
		};
/* End PBXTargetDependency section */

/* Begin PBXVariantGroup section */
		E70F978222B4CFC500F02CEB /* Main.storyboard */ = {
			isa = PBXVariantGroup;
			children = (
				E70F978322B4CFC500F02CEB /* Base */,
			);
			name = Main.storyboard;
			sourceTree = "<group>";
		};
		E70F978722B4CFC700F02CEB /* LaunchScreen.storyboard */ = {
			isa = PBXVariantGroup;
			children = (
				E70F978822B4CFC700F02CEB /* Base */,
			);
			name = LaunchScreen.storyboard;
			sourceTree = "<group>";
		};
/* End PBXVariantGroup section */

/* Begin XCBuildConfiguration section */
		E70F97A122B4CFC700F02CEB /* Debug */ = {
			isa = XCBuildConfiguration;
			buildSettings = {
				ALWAYS_SEARCH_USER_PATHS = NO;
				CLANG_ANALYZER_NONNULL = YES;
				CLANG_ANALYZER_NUMBER_OBJECT_CONVERSION = YES_AGGRESSIVE;
				CLANG_CXX_LANGUAGE_STANDARD = "gnu++14";
				CLANG_CXX_LIBRARY = "libc++";
				CLANG_ENABLE_MODULES = YES;
				CLANG_ENABLE_OBJC_ARC = YES;
				CLANG_ENABLE_OBJC_WEAK = YES;
				CLANG_WARN_BLOCK_CAPTURE_AUTORELEASING = YES;
				CLANG_WARN_BOOL_CONVERSION = YES;
				CLANG_WARN_COMMA = YES;
				CLANG_WARN_CONSTANT_CONVERSION = YES;
				CLANG_WARN_DEPRECATED_OBJC_IMPLEMENTATIONS = YES;
				CLANG_WARN_DIRECT_OBJC_ISA_USAGE = YES_ERROR;
				CLANG_WARN_DOCUMENTATION_COMMENTS = YES;
				CLANG_WARN_EMPTY_BODY = YES;
				CLANG_WARN_ENUM_CONVERSION = YES;
				CLANG_WARN_INFINITE_RECURSION = YES;
				CLANG_WARN_INT_CONVERSION = YES;
				CLANG_WARN_NON_LITERAL_NULL_CONVERSION = YES;
				CLANG_WARN_OBJC_IMPLICIT_RETAIN_SELF = YES;
				CLANG_WARN_OBJC_LITERAL_CONVERSION = YES;
				CLANG_WARN_OBJC_ROOT_CLASS = YES_ERROR;
				CLANG_WARN_RANGE_LOOP_ANALYSIS = YES;
				CLANG_WARN_STRICT_PROTOTYPES = YES;
				CLANG_WARN_SUSPICIOUS_MOVE = YES;
				CLANG_WARN_UNGUARDED_AVAILABILITY = YES_AGGRESSIVE;
				CLANG_WARN_UNREACHABLE_CODE = YES;
				CLANG_WARN__DUPLICATE_METHOD_MATCH = YES;
				CODE_SIGN_IDENTITY = "iPhone Developer";
				COPY_PHASE_STRIP = NO;
				DEBUG_INFORMATION_FORMAT = dwarf;
				ENABLE_STRICT_OBJC_MSGSEND = YES;
				ENABLE_TESTABILITY = YES;
				GCC_C_LANGUAGE_STANDARD = gnu11;
				GCC_DYNAMIC_NO_PIC = NO;
				GCC_NO_COMMON_BLOCKS = YES;
				GCC_OPTIMIZATION_LEVEL = 0;
				GCC_PREPROCESSOR_DEFINITIONS = (
					"DEBUG=1",
					"$(inherited)",
				);
				GCC_WARN_64_TO_32_BIT_CONVERSION = YES;
				GCC_WARN_ABOUT_RETURN_TYPE = YES_ERROR;
				GCC_WARN_UNDECLARED_SELECTOR = YES;
				GCC_WARN_UNINITIALIZED_AUTOS = YES_AGGRESSIVE;
				GCC_WARN_UNUSED_FUNCTION = YES;
				GCC_WARN_UNUSED_VARIABLE = YES;
				IPHONEOS_DEPLOYMENT_TARGET = 12.1;
				MTL_ENABLE_DEBUG_INFO = INCLUDE_SOURCE;
				MTL_FAST_MATH = YES;
				ONLY_ACTIVE_ARCH = YES;
				SDKROOT = iphoneos;
				SWIFT_ACTIVE_COMPILATION_CONDITIONS = DEBUG;
				SWIFT_OPTIMIZATION_LEVEL = "-Onone";
			};
			name = Debug;
		};
		E70F97A222B4CFC700F02CEB /* Release */ = {
			isa = XCBuildConfiguration;
			buildSettings = {
				ALWAYS_SEARCH_USER_PATHS = NO;
				CLANG_ANALYZER_NONNULL = YES;
				CLANG_ANALYZER_NUMBER_OBJECT_CONVERSION = YES_AGGRESSIVE;
				CLANG_CXX_LANGUAGE_STANDARD = "gnu++14";
				CLANG_CXX_LIBRARY = "libc++";
				CLANG_ENABLE_MODULES = YES;
				CLANG_ENABLE_OBJC_ARC = YES;
				CLANG_ENABLE_OBJC_WEAK = YES;
				CLANG_WARN_BLOCK_CAPTURE_AUTORELEASING = YES;
				CLANG_WARN_BOOL_CONVERSION = YES;
				CLANG_WARN_COMMA = YES;
				CLANG_WARN_CONSTANT_CONVERSION = YES;
				CLANG_WARN_DEPRECATED_OBJC_IMPLEMENTATIONS = YES;
				CLANG_WARN_DIRECT_OBJC_ISA_USAGE = YES_ERROR;
				CLANG_WARN_DOCUMENTATION_COMMENTS = YES;
				CLANG_WARN_EMPTY_BODY = YES;
				CLANG_WARN_ENUM_CONVERSION = YES;
				CLANG_WARN_INFINITE_RECURSION = YES;
				CLANG_WARN_INT_CONVERSION = YES;
				CLANG_WARN_NON_LITERAL_NULL_CONVERSION = YES;
				CLANG_WARN_OBJC_IMPLICIT_RETAIN_SELF = YES;
				CLANG_WARN_OBJC_LITERAL_CONVERSION = YES;
				CLANG_WARN_OBJC_ROOT_CLASS = YES_ERROR;
				CLANG_WARN_RANGE_LOOP_ANALYSIS = YES;
				CLANG_WARN_STRICT_PROTOTYPES = YES;
				CLANG_WARN_SUSPICIOUS_MOVE = YES;
				CLANG_WARN_UNGUARDED_AVAILABILITY = YES_AGGRESSIVE;
				CLANG_WARN_UNREACHABLE_CODE = YES;
				CLANG_WARN__DUPLICATE_METHOD_MATCH = YES;
				CODE_SIGN_IDENTITY = "iPhone Developer";
				COPY_PHASE_STRIP = NO;
				DEBUG_INFORMATION_FORMAT = "dwarf-with-dsym";
				ENABLE_NS_ASSERTIONS = NO;
				ENABLE_STRICT_OBJC_MSGSEND = YES;
				GCC_C_LANGUAGE_STANDARD = gnu11;
				GCC_NO_COMMON_BLOCKS = YES;
				GCC_WARN_64_TO_32_BIT_CONVERSION = YES;
				GCC_WARN_ABOUT_RETURN_TYPE = YES_ERROR;
				GCC_WARN_UNDECLARED_SELECTOR = YES;
				GCC_WARN_UNINITIALIZED_AUTOS = YES_AGGRESSIVE;
				GCC_WARN_UNUSED_FUNCTION = YES;
				GCC_WARN_UNUSED_VARIABLE = YES;
				IPHONEOS_DEPLOYMENT_TARGET = 12.1;
				MTL_ENABLE_DEBUG_INFO = NO;
				MTL_FAST_MATH = YES;
				SDKROOT = iphoneos;
				SWIFT_COMPILATION_MODE = wholemodule;
				SWIFT_OPTIMIZATION_LEVEL = "-O";
				VALIDATE_PRODUCT = YES;
			};
			name = Release;
		};
		E70F97A422B4CFC700F02CEB /* Debug */ = {
			isa = XCBuildConfiguration;
			buildSettings = {
				ASSETCATALOG_COMPILER_APPICON_NAME = AppIcon;
				CODE_SIGN_STYLE = Automatic;
				INFOPLIST_FILE = NewsApp/Info.plist;
				LD_RUNPATH_SEARCH_PATHS = (
					"$(inherited)",
					"@executable_path/Frameworks",
				);
				PRODUCT_BUNDLE_IDENTIFIER = com.wl.NewsApp;
				PRODUCT_NAME = "$(TARGET_NAME)";
				SWIFT_VERSION = 4.2;
				TARGETED_DEVICE_FAMILY = "1,2";
			};
			name = Debug;
		};
		E70F97A522B4CFC700F02CEB /* Release */ = {
			isa = XCBuildConfiguration;
			buildSettings = {
				ASSETCATALOG_COMPILER_APPICON_NAME = AppIcon;
				CODE_SIGN_STYLE = Automatic;
				INFOPLIST_FILE = NewsApp/Info.plist;
				LD_RUNPATH_SEARCH_PATHS = (
					"$(inherited)",
					"@executable_path/Frameworks",
				);
				PRODUCT_BUNDLE_IDENTIFIER = com.wl.NewsApp;
				PRODUCT_NAME = "$(TARGET_NAME)";
				SWIFT_VERSION = 4.2;
				TARGETED_DEVICE_FAMILY = "1,2";
			};
			name = Release;
		};
		E70F97A722B4CFC700F02CEB /* Debug */ = {
			isa = XCBuildConfiguration;
			buildSettings = {
				ALWAYS_EMBED_SWIFT_STANDARD_LIBRARIES = YES;
				BUNDLE_LOADER = "$(TEST_HOST)";
				CODE_SIGN_STYLE = Automatic;
				INFOPLIST_FILE = NewsAppTests/Info.plist;
				LD_RUNPATH_SEARCH_PATHS = (
					"$(inherited)",
					"@executable_path/Frameworks",
					"@loader_path/Frameworks",
				);
				PRODUCT_BUNDLE_IDENTIFIER = com.wl.NewsAppTests;
				PRODUCT_NAME = "$(TARGET_NAME)";
				SWIFT_VERSION = 4.2;
				TARGETED_DEVICE_FAMILY = "1,2";
				TEST_HOST = "$(BUILT_PRODUCTS_DIR)/NewsApp.app/NewsApp";
			};
			name = Debug;
		};
		E70F97A822B4CFC700F02CEB /* Release */ = {
			isa = XCBuildConfiguration;
			buildSettings = {
				ALWAYS_EMBED_SWIFT_STANDARD_LIBRARIES = YES;
				BUNDLE_LOADER = "$(TEST_HOST)";
				CODE_SIGN_STYLE = Automatic;
				INFOPLIST_FILE = NewsAppTests/Info.plist;
				LD_RUNPATH_SEARCH_PATHS = (
					"$(inherited)",
					"@executable_path/Frameworks",
					"@loader_path/Frameworks",
				);
				PRODUCT_BUNDLE_IDENTIFIER = com.wl.NewsAppTests;
				PRODUCT_NAME = "$(TARGET_NAME)";
				SWIFT_VERSION = 4.2;
				TARGETED_DEVICE_FAMILY = "1,2";
				TEST_HOST = "$(BUILT_PRODUCTS_DIR)/NewsApp.app/NewsApp";
			};
			name = Release;
		};
		E70F97AA22B4CFC700F02CEB /* Debug */ = {
			isa = XCBuildConfiguration;
			buildSettings = {
				ALWAYS_EMBED_SWIFT_STANDARD_LIBRARIES = YES;
				CODE_SIGN_STYLE = Automatic;
				INFOPLIST_FILE = NewsAppUITests/Info.plist;
				LD_RUNPATH_SEARCH_PATHS = (
					"$(inherited)",
					"@executable_path/Frameworks",
					"@loader_path/Frameworks",
				);
				PRODUCT_BUNDLE_IDENTIFIER = com.wl.NewsAppUITests;
				PRODUCT_NAME = "$(TARGET_NAME)";
				SWIFT_VERSION = 4.2;
				TARGETED_DEVICE_FAMILY = "1,2";
				TEST_TARGET_NAME = NewsApp;
			};
			name = Debug;
		};
		E70F97AB22B4CFC700F02CEB /* Release */ = {
			isa = XCBuildConfiguration;
			buildSettings = {
				ALWAYS_EMBED_SWIFT_STANDARD_LIBRARIES = YES;
				CODE_SIGN_STYLE = Automatic;
				INFOPLIST_FILE = NewsAppUITests/Info.plist;
				LD_RUNPATH_SEARCH_PATHS = (
					"$(inherited)",
					"@executable_path/Frameworks",
					"@loader_path/Frameworks",
				);
				PRODUCT_BUNDLE_IDENTIFIER = com.wl.NewsAppUITests;
				PRODUCT_NAME = "$(TARGET_NAME)";
				SWIFT_VERSION = 4.2;
				TARGETED_DEVICE_FAMILY = "1,2";
				TEST_TARGET_NAME = NewsApp;
			};
			name = Release;
		};
/* End XCBuildConfiguration section */

/* Begin XCConfigurationList section */
		E70F977622B4CFC500F02CEB /* Build configuration list for PBXProject "NewsApp" */ = {
			isa = XCConfigurationList;
			buildConfigurations = (
				E70F97A122B4CFC700F02CEB /* Debug */,
				E70F97A222B4CFC700F02CEB /* Release */,
			);
			defaultConfigurationIsVisible = 0;
			defaultConfigurationName = Release;
		};
		E70F97A322B4CFC700F02CEB /* Build configuration list for PBXNativeTarget "NewsApp" */ = {
			isa = XCConfigurationList;
			buildConfigurations = (
				E70F97A422B4CFC700F02CEB /* Debug */,
				E70F97A522B4CFC700F02CEB /* Release */,
			);
			defaultConfigurationIsVisible = 0;
			defaultConfigurationName = Release;
		};
		E70F97A622B4CFC700F02CEB /* Build configuration list for PBXNativeTarget "NewsAppTests" */ = {
			isa = XCConfigurationList;
			buildConfigurations = (
				E70F97A722B4CFC700F02CEB /* Debug */,
				E70F97A822B4CFC700F02CEB /* Release */,
			);
			defaultConfigurationIsVisible = 0;
			defaultConfigurationName = Release;
		};
		E70F97A922B4CFC700F02CEB /* Build configuration list for PBXNativeTarget "NewsAppUITests" */ = {
			isa = XCConfigurationList;
			buildConfigurations = (
				E70F97AA22B4CFC700F02CEB /* Debug */,
				E70F97AB22B4CFC700F02CEB /* Release */,
			);
			defaultConfigurationIsVisible = 0;
			defaultConfigurationName = Release;
		};
/* End XCConfigurationList section */

/* Begin XCVersionGroup section */
		E701A99222B5E124006CDFDA /* ArticleModel.xcdatamodeld */ = {
			isa = XCVersionGroup;
			children = (
				E701A99322B5E124006CDFDA /* ArticleModel.xcdatamodel */,
			);
			currentVersion = E701A99322B5E124006CDFDA /* ArticleModel.xcdatamodel */;
			path = ArticleModel.xcdatamodeld;
			sourceTree = "<group>";
			versionGroupType = wrapper.xcdatamodel;
		};
/* End XCVersionGroup section */
	};
	rootObject = E70F977322B4CFC500F02CEB /* Project object */;
}
